
Microsoft Visual Studio Solution File, Format Version 12.00
# Visual Studio 15
VisualStudioVersion = 15.0.33026.149
MinimumVisualStudioVersion = 10.0.40219.1
Project("{FAE04EC0-301F-11D3-BF4B-00C04F79EFBC}") = "Homework", "Homework\Homework.csproj", "{ECED4100-10E5-4DF6-868F-B21DEE6A8251}"
EndProject
Global
	GlobalSection(SolutionConfigurationPlatforms) = preSolution
		Debug|Any CPU = Debug|Any CPU
		Release|Any CPU = Release|Any CPU
	EndGlobalSection
	GlobalSection(ProjectConfigurationPlatforms) = postSolution
		{ECED4100-10E5-4DF6-868F-B21DEE6A8251}.Debug|Any CPU.ActiveCfg = Debug|Any CPU
		{ECED4100-10E5-4DF6-868F-B21DEE6A8251}.Debug|Any CPU.Build.0 = Debug|Any CPU
		{ECED4100-10E5-4DF6-868F-B21DEE6A8251}.Release|Any CPU.ActiveCfg = Release|Any CPU
		{ECED4100-10E5-4DF6-868F-B21DEE6A8251}.Release|Any CPU.Build.0 = Release|Any CPU
	EndGlobalSection
	GlobalSection(SolutionProperties) = preSolution
		HideSolutionNode = FALSE
	EndGlobalSection
	GlobalSection(ExtensibilityGlobals) = postSolution
		SolutionGuid = {7961D538-FFD4-4BF8-A189-B4D695C40BA6}
	EndGlobalSection
EndGlobal
