
Microsoft Visual Studio Solution File, Format Version 12.00
# Visual Studio 15
VisualStudioVersion = 15.0.33026.149
MinimumVisualStudioVersion = 10.0.40219.1
Project("{FAE04EC0-301F-11D3-BF4B-00C04F79EFBC}") = "Conditional Statements", "Conditional Statements\Conditional Statements.csproj", "{14EA3AC3-A1D1-4BEE-A14D-7EF6BC087A65}"
EndProject
Global
	GlobalSection(SolutionConfigurationPlatforms) = preSolution
		Debug|Any CPU = Debug|Any CPU
		Release|Any CPU = Release|Any CPU
	EndGlobalSection
	GlobalSection(ProjectConfigurationPlatforms) = postSolution
		{14EA3AC3-A1D1-4BEE-A14D-7EF6BC087A65}.Debug|Any CPU.ActiveCfg = Debug|Any CPU
		{14EA3AC3-A1D1-4BEE-A14D-7EF6BC087A65}.Debug|Any CPU.Build.0 = Debug|Any CPU
		{14EA3AC3-A1D1-4BEE-A14D-7EF6BC087A65}.Release|Any CPU.ActiveCfg = Release|Any CPU
		{14EA3AC3-A1D1-4BEE-A14D-7EF6BC087A65}.Release|Any CPU.Build.0 = Release|Any CPU
	EndGlobalSection
	GlobalSection(SolutionProperties) = preSolution
		HideSolutionNode = FALSE
	EndGlobalSection
	GlobalSection(ExtensibilityGlobals) = postSolution
		SolutionGuid = {12506047-BC1F-482A-8E08-D68DB7CAB0A9}
	EndGlobalSection
EndGlobal
